# This file is automatically @generated by Cargo.
# It is not intended for manual editing.
version = 4

[[package]]
name = "saku"
version = "0.1.0"
dependencies = [
 "saku-cli",
 "saku-discord",
 "saku-harness",
]

[[package]]
name = "saku-cli"
version = "0.1.0"
dependencies = [
 "saku-harness",
]

[[package]]
name = "saku-discord"
version = "0.1.0"
dependencies = [
 "saku-harness",
]

[[package]]
name = "saku-harness"
version = "0.1.0"
